{
  "name": "TEST3",
  "version": "1.0.0",
  "lockfileVersion": 3,
  "requires": true,
  "author": "",
  "license": "ISC",
  "main": "index.js",
  "type": "module",
  "packages": {},
  "scripts": {
    "start": "node ./src/server/app.js",
    "test": "echo \"Error: no test specified\" && exit 1"
  }
}
